// !$*UTF8*$!
{
	archiveVersion = 1;
	classes = {
	};
	objectVersion = 46;
	objects = {

/* Begin PBXBuildFile section */
		F0990E9F1C8B8A1A001A03CB /* AppDelegate.swift in Sources */ = {isa = PBXBuildFile; fileRef = F0990E9E1C8B8A1A001A03CB /* AppDelegate.swift */; };
		F0990EA11C8B8A1A001A03CB /* ViewController.swift in Sources */ = {isa = PBXBuildFile; fileRef = F0990EA01C8B8A1A001A03CB /* ViewController.swift */; };
		F0990EA41C8B8A1A001A03CB /* Main.storyboard in Resources */ = {isa = PBXBuildFile; fileRef = F0990EA21C8B8A1A001A03CB /* Main.storyboard */; };
		F0990EA61C8B8A1A001A03CB /* Assets.xcassets in Resources */ = {isa = PBXBuildFile; fileRef = F0990EA51C8B8A1A001A03CB /* Assets.xcassets */; };
		F0990EA91C8B8A1A001A03CB /* LaunchScreen.storyboard in Resources */ = {isa = PBXBuildFile; fileRef = F0990EA71C8B8A1A001A03CB /* LaunchScreen.storyboard */; };
		F0990EB41C8B8A1B001A03CB /* HelloWorldTests.swift in Sources */ = {isa = PBXBuildFile; fileRef = F0990EB31C8B8A1B001A03CB /* HelloWorldTests.swift */; };
		F0990EBF1C8B8A1B001A03CB /* HelloWorldUITests.swift in Sources */ = {isa = PBXBuildFile; fileRef = F0990EBE1C8B8A1B001A03CB /* HelloWorldUITests.swift */; };
/* End PBXBuildFile section */

/* Begin PBXContainerItemProxy section */
		F0990EB01C8B8A1B001A03CB /* PBXContainerItemProxy */ = {
			isa = PBXContainerItemProxy;
			containerPortal = F0990E931C8B8A19001A03CB /* Project object */;
			proxyType = 1;
			remoteGlobalIDString = F0990E9A1C8B8A19001A03CB;
			remoteInfo = HelloWorld;
		};
		F0990EBB1C8B8A1B001A03CB /* PBXContainerItemProxy */ = {
			isa = PBXContainerItemProxy;
			containerPortal = F0990E931C8B8A19001A03CB /* Project object */;
			proxyType = 1;
			remoteGlobalIDString = F0990E9A1C8B8A19001A03CB;
			remoteInfo = HelloWorld;
		};
/* End PBXContainerItemProxy section */

/* Begin PBXFileReference section */
		F0990E9B1C8B8A1A001A03CB /* HelloWorld.app */ = {isa = PBXFileReference; explicitFileType = wrapper.application; includeInIndex = 0; path = HelloWorld.app; sourceTree = BUILT_PRODUCTS_DIR; };
		F0990E9E1C8B8A1A001A03CB /* AppDelegate.swift */ = {isa = PBXFileReference; lastKnownFileType = sourcecode.swift; path = AppDelegate.swift; sourceTree = "<group>"; };
		F0990EA01C8B8A1A001A03CB /* ViewController.swift */ = {isa = PBXFileReference; lastKnownFileType = sourcecode.swift; path = ViewController.swift; sourceTree = "<group>"; };
		F0990EA31C8B8A1A001A03CB /* Base */ = {isa = PBXFileReference; lastKnownFileType = file.storyboard; name = Base; path = Base.lproj/Main.storyboard; sourceTree = "<group>"; };
		F0990EA51C8B8A1A001A03CB /* Assets.xcassets */ = {isa = PBXFileReference; lastKnownFileType = folder.assetcatalog; path = Assets.xcassets; sourceTree = "<group>"; };
		F0990EA81C8B8A1A001A03CB /* Base */ = {isa = PBXFileReference; lastKnownFileType = file.storyboard; name = Base; path = Base.lproj/LaunchScreen.storyboard; sourceTree = "<group>"; };
		F0990EAA1C8B8A1A001A03CB /* Info.plist */ = {isa = PBXFileReference; lastKnownFileType = text.plist.xml; path = Info.plist; sourceTree = "<group>"; };
		F0990EAF1C8B8A1B001A03CB /* HelloWorldTests.xctest */ = {isa = PBXFileReference; explicitFileType = wrapper.cfbundle; includeInIndex = 0; path = HelloWorldTests.xctest; sourceTree = BUILT_PRODUCTS_DIR; };
		F0990EB31C8B8A1B001A03CB /* HelloWorldTests.swift */ = {isa = PBXFileReference; lastKnownFileType = sourcecode.swift; path = HelloWorldTests.swift; sourceTree = "<group>"; };
		F0990EB51C8B8A1B001A03CB /* Info.plist */ = {isa = PBXFileReference; lastKnownFileType = text.plist.xml; path = Info.plist; sourceTree = "<group>"; };
		F0990EBA1C8B8A1B001A03CB /* HelloWorldUITests.xctest */ = {isa = PBXFileReference; explicitFileType = wrapper.cfbundle; includeInIndex = 0; path = HelloWorldUITests.xctest; sourceTree = BUILT_PRODUCTS_DIR; };
		F0990EBE1C8B8A1B001A03CB /* HelloWorldUITests.swift */ = {isa = PBXFileReference; lastKnownFileType = sourcecode.swift; path = HelloWorldUITests.swift; sourceTree = "<group>"; };
		F0990EC01C8B8A1B001A03CB /* Info.plist */ = {isa = PBXFileReference; lastKnownFileType = text.plist.xml; path = Info.plist; sourceTree = "<group>"; };
/* End PBXFileReference section */

/* Begin PBXFrameworksBuildPhase section */
		F0990E981C8B8A19001A03CB /* Frameworks */ = {
			isa = PBXFrameworksBuildPhase;
			buildActionMask = 2147483647;
			files = (
			);
			runOnlyForDeploymentPostprocessing = 0;
		};
		F0990EAC1C8B8A1B001A03CB /* Frameworks */ = {
			isa = PBXFrameworksBuildPhase;
			buildActionMask = 2147483647;
			files = (
			);
			runOnlyForDeploymentPostprocessing = 0;
		};
		F0990EB71C8B8A1B001A03CB /* Frameworks */ = {
			isa = PBXFrameworksBuildPhase;
			buildActionMask = 2147483647;
			files = (
			);
			runOnlyForDeploymentPostprocessing = 0;
		};
/* End PBXFrameworksBuildPhase section */

/* Begin PBXGroup section */
		F0990E921C8B8A19001A03CB = {
			isa = PBXGroup;
			children = (
				F0990E9D1C8B8A1A001A03CB /* HelloWorld */,
				F0990EB21C8B8A1B001A03CB /* HelloWorldTests */,
				F0990EBD1C8B8A1B001A03CB /* HelloWorldUITests */,
				F0990E9C1C8B8A1A001A03CB /* Products */,
			);
			sourceTree = "<group>";
		};
		F0990E9C1C8B8A1A001A03CB /* Products */ = {
			isa = PBXGroup;
			children = (
				F0990E9B1C8B8A1A001A03CB /* HelloWorld.app */,
				F0990EAF1C8B8A1B001A03CB /* HelloWorldTests.xctest */,
				F0990EBA1C8B8A1B001A03CB /* HelloWorldUITests.xctest */,
			);
			name = Products;
			sourceTree = "<group>";
		};
		F0990E9D1C8B8A1A001A03CB /* HelloWorld */ = {
			isa = PBXGroup;
			children = (
				F0990E9E1C8B8A1A001A03CB /* AppDelegate.swift */,
				F0990EA01C8B8A1A001A03CB /* ViewController.swift */,
				F0990EA21C8B8A1A001A03CB /* Main.storyboard */,
				F0990EA51C8B8A1A001A03CB /* Assets.xcassets */,
				F0990EA71C8B8A1A001A03CB /* LaunchScreen.storyboard */,
				F0990EAA1C8B8A1A001A03CB /* Info.plist */,
			);
			path = HelloWorld;
			sourceTree = "<group>";
		};
		F0990EB21C8B8A1B001A03CB /* HelloWorldTests */ = {
			isa = PBXGroup;
			children = (
				F0990EB31C8B8A1B001A03CB /* HelloWorldTests.swift */,
				F0990EB51C8B8A1B001A03CB /* Info.plist */,
			);
			path = HelloWorldTests;
			sourceTree = "<group>";
		};
		F0990EBD1C8B8A1B001A03CB /* HelloWorldUITests */ = {
			isa = PBXGroup;
			children = (
				F0990EBE1C8B8A1B001A03CB /* HelloWorldUITests.swift */,
				F0990EC01C8B8A1B001A03CB /* Info.plist */,
			);
			path = HelloWorldUITests;
			sourceTree = "<group>";
		};
/* End PBXGroup section */

/* Begin PBXNativeTarget section */
		F0990E9A1C8B8A19001A03CB /* HelloWorld */ = {
			isa = PBXNativeTarget;
			buildConfigurationList = F0990EC31C8B8A1B001A03CB /* Build configuration list for PBXNativeTarget "HelloWorld" */;
			buildPhases = (
				F0990E971C8B8A19001A03CB /* Sources */,
				F0990E981C8B8A19001A03CB /* Frameworks */,
				F0990E991C8B8A19001A03CB /* Resources */,
			);
			buildRules = (
			);
			dependencies = (
			);
			name = HelloWorld;
			productName = HelloWorld;
			productReference = F0990E9B1C8B8A1A001A03CB /* HelloWorld.app */;
			productType = "com.apple.product-type.application";
		};
		F0990EAE1C8B8A1B001A03CB /* HelloWorldTests */ = {
			isa = PBXNativeTarget;
			buildConfigurationList = F0990EC61C8B8A1B001A03CB /* Build configuration list for PBXNativeTarget "HelloWorldTests" */;
			buildPhases = (
				F0990EAB1C8B8A1B001A03CB /* Sources */,
				F0990EAC1C8B8A1B001A03CB /* Frameworks */,
				F0990EAD1C8B8A1B001A03CB /* Resources */,
			);
			buildRules = (
			);
			dependencies = (
				F0990EB11C8B8A1B001A03CB /* PBXTargetDependency */,
			);
			name = HelloWorldTests;
			productName = HelloWorldTests;
			productReference = F0990EAF1C8B8A1B001A03CB /* HelloWorldTests.xctest */;
			productType = "com.apple.product-type.bundle.unit-test";
		};
		F0990EB91C8B8A1B001A03CB /* HelloWorldUITests */ = {
			isa = PBXNativeTarget;
			buildConfigurationList = F0990EC91C8B8A1B001A03CB /* Build configuration list for PBXNativeTarget "HelloWorldUITests" */;
			buildPhases = (
				F0990EB61C8B8A1B001A03CB /* Sources */,
				F0990EB71C8B8A1B001A03CB /* Frameworks */,
				F0990EB81C8B8A1B001A03CB /* Resources */,
			);
			buildRules = (
			);
			dependencies = (
				F0990EBC1C8B8A1B001A03CB /* PBXTargetDependency */,
			);
			name = HelloWorldUITests;
			productName = HelloWorldUITests;
			productReference = F0990EBA1C8B8A1B001A03CB /* HelloWorldUITests.xctest */;
			productType = "com.apple.product-type.bundle.ui-testing";
		};
/* End PBXNativeTarget section */

/* Begin PBXProject section */
		F0990E931C8B8A19001A03CB /* Project object */ = {
			isa = PBXProject;
			attributes = {
				LastUpgradeCheck = 0700;
				ORGANIZATIONNAME = artener;
				TargetAttributes = {
					F0990E9A1C8B8A19001A03CB = {
						CreatedOnToolsVersion = 7.0;
					};
					F0990EAE1C8B8A1B001A03CB = {
						CreatedOnToolsVersion = 7.0;
						TestTargetID = F0990E9A1C8B8A19001A03CB;
					};
					F0990EB91C8B8A1B001A03CB = {
						CreatedOnToolsVersion = 7.0;
						TestTargetID = F0990E9A1C8B8A19001A03CB;
					};
				};
			};
			buildConfigurationList = F0990E961C8B8A19001A03CB /* Build configuration list for PBXProject "HelloWorld" */;
			compatibilityVersion = "Xcode 3.2";
			developmentRegion = English;
			hasScannedForEncodings = 0;
			knownRegions = (
				en,
				Base,
			);
			mainGroup = F0990E921C8B8A19001A03CB;
			productRefGroup = F0990E9C1C8B8A1A001A03CB /* Products */;
			projectDirPath = "";
			projectRoot = "";
			targets = (
				F0990E9A1C8B8A19001A03CB /* HelloWorld */,
				F0990EAE1C8B8A1B001A03CB /* HelloWorldTests */,
				F0990EB91C8B8A1B001A03CB /* HelloWorldUITests */,
			);
		};
/* End PBXProject section */

/* Begin PBXResourcesBuildPhase section */
		F0990E991C8B8A19001A03CB /* Resources */ = {
			isa = PBXResourcesBuildPhase;
			buildActionMask = 2147483647;
			files = (
				F0990EA91C8B8A1A001A03CB /* LaunchScreen.storyboard in Resources */,
				F0990EA61C8B8A1A001A03CB /* Assets.xcassets in Resources */,
				F0990EA41C8B8A1A001A03CB /* Main.storyboard in Resources */,
			);
			runOnlyForDeploymentPostprocessing = 0;
		};
		F0990EAD1C8B8A1B001A03CB /* Resources */ = {
			isa = PBXResourcesBuildPhase;
			buildActionMask = 2147483647;
			files = (
			);
			runOnlyForDeploymentPostprocessing = 0;
		};
		F0990EB81C8B8A1B001A03CB /* Resources */ = {
			isa = PBXResourcesBuildPhase;
			buildActionMask = 2147483647;
			files = (
			);
			runOnlyForDeploymentPostprocessing = 0;
		};
/* End PBXResourcesBuildPhase section */

/* Begin PBXSourcesBuildPhase section */
		F0990E971C8B8A19001A03CB /* Sources */ = {
			isa = PBXSourcesBuildPhase;
			buildActionMask = 2147483647;
			files = (
				F0990EA11C8B8A1A001A03CB /* ViewController.swift in Sources */,
				F0990E9F1C8B8A1A001A03CB /* AppDelegate.swift in Sources */,
			);
			runOnlyForDeploymentPostprocessing = 0;
		};
		F0990EAB1C8B8A1B001A03CB /* Sources */ = {
			isa = PBXSourcesBuildPhase;
			buildActionMask = 2147483647;
			files = (
				F0990EB41C8B8A1B001A03CB /* HelloWorldTests.swift in Sources */,
			);
			runOnlyForDeploymentPostprocessing = 0;
		};
		F0990EB61C8B8A1B001A03CB /* Sources */ = {
			isa = PBXSourcesBuildPhase;
			buildActionMask = 2147483647;
			files = (
				F0990EBF1C8B8A1B001A03CB /* HelloWorldUITests.swift in Sources */,
			);
			runOnlyForDeploymentPostprocessing = 0;
		};
/* End PBXSourcesBuildPhase section */

/* Begin PBXTargetDependency section */
		F0990EB11C8B8A1B001A03CB /* PBXTargetDependency */ = {
			isa = PBXTargetDependency;
			target = F0990E9A1C8B8A19001A03CB /* HelloWorld */;
			targetProxy = F0990EB01C8B8A1B001A03CB /* PBXContainerItemProxy */;
		};
		F0990EBC1C8B8A1B001A03CB /* PBXTargetDependency */ = {
			isa = PBXTargetDependency;
			target = F0990E9A1C8B8A19001A03CB /* HelloWorld */;
			targetProxy = F0990EBB1C8B8A1B001A03CB /* PBXContainerItemProxy */;
		};
/* End PBXTargetDependency section */

/* Begin PBXVariantGroup section */
		F0990EA21C8B8A1A001A03CB /* Main.storyboard */ = {
			isa = PBXVariantGroup;
			children = (
				F0990EA31C8B8A1A001A03CB /* Base */,
			);
			name = Main.storyboard;
			sourceTree = "<group>";
		};
		F0990EA71C8B8A1A001A03CB /* LaunchScreen.storyboard */ = {
			isa = PBXVariantGroup;
			children = (
				F0990EA81C8B8A1A001A03CB /* Base */,
			);
			name = LaunchScreen.storyboard;
			sourceTree = "<group>";
		};
/* End PBXVariantGroup section */

/* Begin XCBuildConfiguration section */
		F0990EC11C8B8A1B001A03CB /* Debug */ = {
			isa = XCBuildConfiguration;
			buildSettings = {
				ALWAYS_SEARCH_USER_PATHS = NO;
				CLANG_CXX_LANGUAGE_STANDARD = "gnu++0x";
				CLANG_CXX_LIBRARY = "libc++";
				CLANG_ENABLE_MODULES = YES;
				CLANG_ENABLE_OBJC_ARC = YES;
				CLANG_WARN_BOOL_CONVERSION = YES;
				CLANG_WARN_CONSTANT_CONVERSION = YES;
				CLANG_WARN_DIRECT_OBJC_ISA_USAGE = YES_ERROR;
				CLANG_WARN_EMPTY_BODY = YES;
				CLANG_WARN_ENUM_CONVERSION = YES;
				CLANG_WARN_INT_CONVERSION = YES;
				CLANG_WARN_OBJC_ROOT_CLASS = YES_ERROR;
				CLANG_WARN_UNREACHABLE_CODE = YES;
				CLANG_WARN__DUPLICATE_METHOD_MATCH = YES;
				"CODE_SIGN_IDENTITY[sdk=iphoneos*]" = "iPhone Developer";
				COPY_PHASE_STRIP = NO;
				DEBUG_INFORMATION_FORMAT = dwarf;
				ENABLE_STRICT_OBJC_MSGSEND = YES;
				ENABLE_TESTABILITY = YES;
				GCC_C_LANGUAGE_STANDARD = gnu99;
				GCC_DYNAMIC_NO_PIC = NO;
				GCC_NO_COMMON_BLOCKS = YES;
				GCC_OPTIMIZATION_LEVEL = 0;
				GCC_PREPROCESSOR_DEFINITIONS = (
					"DEBUG=1",
					"$(inherited)",
				);
				GCC_WARN_64_TO_32_BIT_CONVERSION = YES;
				GCC_WARN_ABOUT_RETURN_TYPE = YES_ERROR;
				GCC_WARN_UNDECLARED_SELECTOR = YES;
				GCC_WARN_UNINITIALIZED_AUTOS = YES_AGGRESSIVE;
				GCC_WARN_UNUSED_FUNCTION = YES;
				GCC_WARN_UNUSED_VARIABLE = YES;
				IPHONEOS_DEPLOYMENT_TARGET = 9.0;
				MTL_ENABLE_DEBUG_INFO = YES;
				ONLY_ACTIVE_ARCH = YES;
				SDKROOT = iphoneos;
				SWIFT_OPTIMIZATION_LEVEL = "-Onone";
			};
			name = Debug;
		};
		F0990EC21C8B8A1B001A03CB /* Release */ = {
			isa = XCBuildConfiguration;
			buildSettings = {
				ALWAYS_SEARCH_USER_PATHS = NO;
				CLANG_CXX_LANGUAGE_STANDARD = "gnu++0x";
				CLANG_CXX_LIBRARY = "libc++";
				CLANG_ENABLE_MODULES = YES;
				CLANG_ENABLE_OBJC_ARC = YES;
				CLANG_WARN_BOOL_CONVERSION = YES;
				CLANG_WARN_CONSTANT_CONVERSION = YES;
				CLANG_WARN_DIRECT_OBJC_ISA_USAGE = YES_ERROR;
				CLANG_WARN_EMPTY_BODY = YES;
				CLANG_WARN_ENUM_CONVERSION = YES;
				CLANG_WARN_INT_CONVERSION = YES;
				CLANG_WARN_OBJC_ROOT_CLASS = YES_ERROR;
				CLANG_WARN_UNREACHABLE_CODE = YES;
				CLANG_WARN__DUPLICATE_METHOD_MATCH = YES;
				"CODE_SIGN_IDENTITY[sdk=iphoneos*]" = "iPhone Developer";
				COPY_PHASE_STRIP = NO;
				DEBUG_INFORMATION_FORMAT = "dwarf-with-dsym";
				ENABLE_NS_ASSERTIONS = NO;
				ENABLE_STRICT_OBJC_MSGSEND = YES;
				GCC_C_LANGUAGE_STANDARD = gnu99;
				GCC_NO_COMMON_BLOCKS = YES;
				GCC_WARN_64_TO_32_BIT_CONVERSION = YES;
				GCC_WARN_ABOUT_RETURN_TYPE = YES_ERROR;
				GCC_WARN_UNDECLARED_SELECTOR = YES;
				GCC_WARN_UNINITIALIZED_AUTOS = YES_AGGRESSIVE;
				GCC_WARN_UNUSED_FUNCTION = YES;
				GCC_WARN_UNUSED_VARIABLE = YES;
				IPHONEOS_DEPLOYMENT_TARGET = 9.0;
				MTL_ENABLE_DEBUG_INFO = NO;
				SDKROOT = iphoneos;
				VALIDATE_PRODUCT = YES;
			};
			name = Release;
		};
		F0990EC41C8B8A1B001A03CB /* Debug */ = {
			isa = XCBuildConfiguration;
			buildSettings = {
				ASSETCATALOG_COMPILER_APPICON_NAME = AppIcon;
				INFOPLIST_FILE = HelloWorld/Info.plist;
				LD_RUNPATH_SEARCH_PATHS = "$(inherited) @executable_path/Frameworks";
				PRODUCT_BUNDLE_IDENTIFIER = com.artener.HelloWorld;
				PRODUCT_NAME = "$(TARGET_NAME)";
			};
			name = Debug;
		};
		F0990EC51C8B8A1B001A03CB /* Release */ = {
			isa = XCBuildConfiguration;
			buildSettings = {
				ASSETCATALOG_COMPILER_APPICON_NAME = AppIcon;
				INFOPLIST_FILE = HelloWorld/Info.plist;
				LD_RUNPATH_SEARCH_PATHS = "$(inherited) @executable_path/Frameworks";
				PRODUCT_BUNDLE_IDENTIFIER = com.artener.HelloWorld;
				PRODUCT_NAME = "$(TARGET_NAME)";
			};
			name = Release;
		};
		F0990EC71C8B8A1B001A03CB /* Debug */ = {
			isa = XCBuildConfiguration;
			buildSettings = {
				BUNDLE_LOADER = "$(TEST_HOST)";
				INFOPLIST_FILE = HelloWorldTests/Info.plist;
				LD_RUNPATH_SEARCH_PATHS = "$(inherited) @executable_path/Frameworks @loader_path/Frameworks";
				PRODUCT_BUNDLE_IDENTIFIER = com.artener.HelloWorldTests;
				PRODUCT_NAME = "$(TARGET_NAME)";
				TEST_HOST = "$(BUILT_PRODUCTS_DIR)/HelloWorld.app/HelloWorld";
			};
			name = Debug;
		};
		F0990EC81C8B8A1B001A03CB /* Release */ = {
			isa = XCBuildConfiguration;
			buildSettings = {
				BUNDLE_LOADER = "$(TEST_HOST)";
				INFOPLIST_FILE = HelloWorldTests/Info.plist;
				LD_RUNPATH_SEARCH_PATHS = "$(inherited) @executable_path/Frameworks @loader_path/Frameworks";
				PRODUCT_BUNDLE_IDENTIFIER = com.artener.HelloWorldTests;
				PRODUCT_NAME = "$(TARGET_NAME)";
				TEST_HOST = "$(BUILT_PRODUCTS_DIR)/HelloWorld.app/HelloWorld";
			};
			name = Release;
		};
		F0990ECA1C8B8A1B001A03CB /* Debug */ = {
			isa = XCBuildConfiguration;
			buildSettings = {
				INFOPLIST_FILE = HelloWorldUITests/Info.plist;
				LD_RUNPATH_SEARCH_PATHS = "$(inherited) @executable_path/Frameworks @loader_path/Frameworks";
				PRODUCT_BUNDLE_IDENTIFIER = com.artener.HelloWorldUITests;
				PRODUCT_NAME = "$(TARGET_NAME)";
				TEST_TARGET_NAME = HelloWorld;
				USES_XCTRUNNER = YES;
			};
			name = Debug;
		};
		F0990ECB1C8B8A1B001A03CB /* Release */ = {
			isa = XCBuildConfiguration;
			buildSettings = {
				INFOPLIST_FILE = HelloWorldUITests/Info.plist;
				LD_RUNPATH_SEARCH_PATHS = "$(inherited) @executable_path/Frameworks @loader_path/Frameworks";
				PRODUCT_BUNDLE_IDENTIFIER = com.artener.HelloWorldUITests;
				PRODUCT_NAME = "$(TARGET_NAME)";
				TEST_TARGET_NAME = HelloWorld;
				USES_XCTRUNNER = YES;
			};
			name = Release;
		};
/* End XCBuildConfiguration section */

/* Begin XCConfigurationList section */
		F0990E961C8B8A19001A03CB /* Build configuration list for PBXProject "HelloWorld" */ = {
			isa = XCConfigurationList;
			buildConfigurations = (
				F0990EC11C8B8A1B001A03CB /* Debug */,
				F0990EC21C8B8A1B001A03CB /* Release */,
			);
			defaultConfigurationIsVisible = 0;
			defaultConfigurationName = Release;
		};
		F0990EC31C8B8A1B001A03CB /* Build configuration list for PBXNativeTarget "HelloWorld" */ = {
			isa = XCConfigurationList;
			buildConfigurations = (
				F0990EC41C8B8A1B001A03CB /* Debug */,
				F0990EC51C8B8A1B001A03CB /* Release */,
			);
			defaultConfigurationIsVisible = 0;
		};
		F0990EC61C8B8A1B001A03CB /* Build configuration list for PBXNativeTarget "HelloWorldTests" */ = {
			isa = XCConfigurationList;
			buildConfigurations = (
				F0990EC71C8B8A1B001A03CB /* Debug */,
				F0990EC81C8B8A1B001A03CB /* Release */,
			);
			defaultConfigurationIsVisible = 0;
		};
		F0990EC91C8B8A1B001A03CB /* Build configuration list for PBXNativeTarget "HelloWorldUITests" */ = {
			isa = XCConfigurationList;
			buildConfigurations = (
				F0990ECA1C8B8A1B001A03CB /* Debug */,
				F0990ECB1C8B8A1B001A03CB /* Release */,
			);
			defaultConfigurationIsVisible = 0;
		};
/* End XCConfigurationList section */
	};
	rootObject = F0990E931C8B8A19001A03CB /* Project object */;
}
